
Microsoft Visual Studio Solution File, Format Version 12.00
# Visual Studio Version 16
VisualStudioVersion = 16.0.29306.81
MinimumVisualStudioVersion = 10.0.40219.1
Project("{2150E333-8FDC-42A3-9474-1A3956D46DE8}") = ".paket", ".paket", "{FF4A9CB6-4F3A-4FBA-B336-1360A3762330}"
	ProjectSection(SolutionItems) = preProject
		paket.dependencies = paket.dependencies
	EndProjectSection
EndProject
Project("{9A19103F-16F7-4668-BE54-9A1E7A4F7556}") = "Training.Codility", "Training.Codility\Training.Codility.csproj", "{E79CF9EF-D4C1-47A1-8788-7962D7119CE7}"
EndProject
Project("{9A19103F-16F7-4668-BE54-9A1E7A4F7556}") = "Training.Codility.Tests", "Training.Codility.Tests\Training.Codility.Tests.csproj", "{B20D1759-6C16-4300-92CF-9DCBE5F31710}"
EndProject
Project("{2150E333-8FDC-42A3-9474-1A3956D46DE8}") = "Codility", "Codility", "{BDF96AA7-5751-4E64-9AD5-BF696A31ECD4}"
EndProject
Project("{9A19103F-16F7-4668-BE54-9A1E7A4F7556}") = "Training.DataStructures", "Training.DataStructures\Training.DataStructures.csproj", "{7A909765-C509-420B-B58D-40FB6BCB4461}"
EndProject
Project("{9A19103F-16F7-4668-BE54-9A1E7A4F7556}") = "Training.DataStructures.Tests", "Training.DataStructures.Tests\Training.DataStructures.Tests.csproj", "{DDDF740E-CC78-4504-8284-F3B99A5260C3}"
EndProject
Project("{2150E333-8FDC-42A3-9474-1A3956D46DE8}") = "HackerRank", "HackerRank", "{BC13542A-B1DE-4A4A-9CEA-8FCEAE88D5DE}"
EndProject
Project("{9A19103F-16F7-4668-BE54-9A1E7A4F7556}") = "Training.HackerRank", "Training.HackerRank\Training.HackerRank.csproj", "{741843F4-B6C1-451C-8960-859AAC95AA9A}"
EndProject
Project("{9A19103F-16F7-4668-BE54-9A1E7A4F7556}") = "Training.HackerRank.Tests", "Training.HackerRank.Tests\Training.HackerRank.Tests.csproj", "{D42F09A0-C55F-45BD-90ED-7F1BED1FF71E}"
EndProject
Project("{9A19103F-16F7-4668-BE54-9A1E7A4F7556}") = "Training.Tests.Common", "Training.Tests.Common\Training.Tests.Common.csproj", "{587CB08C-364F-41A5-A353-F82B7EB7F051}"
EndProject
Project("{9A19103F-16F7-4668-BE54-9A1E7A4F7556}") = "Training.Common", "Training.Common\Training.Common.csproj", "{21ED494E-CF46-4587-9BB5-D73E207AFD06}"
EndProject
Project("{9A19103F-16F7-4668-BE54-9A1E7A4F7556}") = "Training.Common.Algorithms", "Training.Common.Algorithms\Training.Common.Algorithms.csproj", "{6B6707D8-15FD-42AE-AAEF-68F879B651D9}"
EndProject
Project("{9A19103F-16F7-4668-BE54-9A1E7A4F7556}") = "Training.Common.Algorithms.Tests", "Training.Common.Algorithms.Tests\Training.Common.Algorithms.Tests.csproj", "{CE2059F6-BD0A-4509-AD4F-0BD486800E23}"
EndProject
Project("{9A19103F-16F7-4668-BE54-9A1E7A4F7556}") = "Training.Common.Tests", "Training.Common.Tests\Training.Common.Tests.csproj", "{FA7D402E-5F75-4CCE-8E84-CC259DB6D5B7}"
EndProject
Project("{2150E333-8FDC-42A3-9474-1A3956D46DE8}") = "DomainModelingMadeFuncional", "DomainModelingMadeFuncional", "{E97FEB89-5D88-45B9-9B3D-3098BBFB707C}"
EndProject
Project("{6EC3EE1D-3C4E-46DD-8F32-0CC8E7565705}") = "OrderTaking", "OrderTaking\OrderTaking.fsproj", "{EEE028BB-CCE7-4AB9-B89B-AF9F95E0709C}"
EndProject
Project("{9A19103F-16F7-4668-BE54-9A1E7A4F7556}") = "PredictiveKeyboardT9", "PredictiveKeyboardT9\PredictiveKeyboardT9.csproj", "{3BD7B326-5B73-4452-953A-214F9C8AE91E}"
EndProject
Project("{9A19103F-16F7-4668-BE54-9A1E7A4F7556}") = "PredictiveKeyboardT9Tests", "PredictiveKeyboardT9Tests\PredictiveKeyboardT9Tests.csproj", "{3EE8A45B-3381-44B2-A569-5E9C89D3E0ED}"
EndProject
Project("{9A19103F-16F7-4668-BE54-9A1E7A4F7556}") = "Training.RailwayOrientedProgrammingCs", "Training.RailwayOrientedProgrammingCs\Training.RailwayOrientedProgrammingCs.csproj", "{D11A3B47-000D-4E47-B935-AAEEFB3717FE}"
EndProject
Project("{9A19103F-16F7-4668-BE54-9A1E7A4F7556}") = "Training.RailwayOrientedProgrammingCs.Tests", "Training.RailwayOrientedProgrammingCs.Tests\Training.RailwayOrientedProgrammingCs.Tests.csproj", "{587616AB-634D-4047-84A3-4A821BA9C37B}"
EndProject
Project("{9A19103F-16F7-4668-BE54-9A1E7A4F7556}") = "Training.RailwayOrientedProgrammingUsecaseExemple", "Training.RailwayOrientedProgrammingUsecaseExemple\Training.RailwayOrientedProgrammingUsecaseExemple.csproj", "{19E4C465-A62F-4DD5-B6D5-FE8561C969CE}"
EndProject
Project("{6EC3EE1D-3C4E-46DD-8F32-0CC8E7565705}") = "Training.MapBindApplyAndReturn", "Training.MapBindApplyAndReturn\Training.MapBindApplyAndReturn.fsproj", "{4AEFC0BE-B3FC-40DC-91B2-8FCFA71EBE86}"
EndProject
Project("{9A19103F-16F7-4668-BE54-9A1E7A4F7556}") = "Training.Threads", "Training.Threads\Training.Threads.csproj", "{6A885414-1357-4D3A-89EA-3667655A80DD}"
EndProject
Project("{6EC3EE1D-3C4E-46DD-8F32-0CC8E7565705}") = "Training.Calculator", "Training.Calculator\Training.Calculator.fsproj", "{7225E5E1-6436-4A2D-BFB8-27D7173365D9}"
EndProject
Project("{9A19103F-16F7-4668-BE54-9A1E7A4F7556}") = "Training.Console", "Training.Console\Training.Console.csproj", "{21663205-05E9-482E-9D84-463C470D2B97}"
EndProject
Project("{6EC3EE1D-3C4E-46DD-8F32-0CC8E7565705}") = "Training.Monoids", "Training.Monoids\Training.Monoids.fsproj", "{0F95B3DB-C245-48F9-BD27-32D30C565007}"
EndProject
Project("{6EC3EE1D-3C4E-46DD-8F32-0CC8E7565705}") = "Training.ParserCombinator", "Training.ParserCombinator\Training.ParserCombinator.fsproj", "{7CF37A64-EFCD-4A80-909E-0A9FC11D803C}"
EndProject
Project("{6EC3EE1D-3C4E-46DD-8F32-0CC8E7565705}") = "Training.RailwayOrientedProgramming", "Training.RailwayOrientedProgramming\Training.RailwayOrientedProgramming.fsproj", "{84C4FB58-AE93-405D-A3A9-CC6ECF39E1D3}"
EndProject
Project("{2150E333-8FDC-42A3-9474-1A3956D46DE8}") = "Solution Items", "Solution Items", "{8D5D672E-7602-4B51-A0B3-56A7315045A4}"
	ProjectSection(SolutionItems) = preProject
		README.md = README.md
	EndProjectSection
EndProject
Project("{6EC3EE1D-3C4E-46DD-8F32-0CC8E7565705}") = "Training.Monoids.Tests", "Training.Monoids.Tests\Training.Monoids.Tests.fsproj", "{61D0CA5E-7770-4C89-A797-BBF300DD0880}"
EndProject
Project("{6EC3EE1D-3C4E-46DD-8F32-0CC8E7565705}") = "Drafts", "Drafts\Drafts\Drafts.fsproj", "{23BE337C-108F-4FA2-AFCE-CC93EF72D557}"
EndProject
Project("{2150E333-8FDC-42A3-9474-1A3956D46DE8}") = "Algorithms", "Algorithms", "{4D46F594-1608-4CD3-A72C-98FBC715ADC2}"
EndProject
Project("{6EC3EE1D-3C4E-46DD-8F32-0CC8E7565705}") = "Algorithms", "Algorithms\Algorithms\Algorithms.fsproj", "{879D2276-AB53-42A9-8FA7-0B1D22701152}"
EndProject
Project("{F2A71F9B-5D33-465A-A702-920D77279786}") = "Algorithms.Tests", "algorithms\Algorithms.Tests\Algorithms.Tests.fsproj", "{19AA465E-C9CE-4D66-B304-243416FAC56C}"
EndProject
Global
	GlobalSection(SolutionConfigurationPlatforms) = preSolution
		Debug|Any CPU = Debug|Any CPU
		Release|Any CPU = Release|Any CPU
	EndGlobalSection
	GlobalSection(ProjectConfigurationPlatforms) = postSolution
		{E79CF9EF-D4C1-47A1-8788-7962D7119CE7}.Debug|Any CPU.ActiveCfg = Debug|Any CPU
		{E79CF9EF-D4C1-47A1-8788-7962D7119CE7}.Debug|Any CPU.Build.0 = Debug|Any CPU
		{E79CF9EF-D4C1-47A1-8788-7962D7119CE7}.Release|Any CPU.ActiveCfg = Release|Any CPU
		{E79CF9EF-D4C1-47A1-8788-7962D7119CE7}.Release|Any CPU.Build.0 = Release|Any CPU
		{B20D1759-6C16-4300-92CF-9DCBE5F31710}.Debug|Any CPU.ActiveCfg = Debug|Any CPU
		{B20D1759-6C16-4300-92CF-9DCBE5F31710}.Debug|Any CPU.Build.0 = Debug|Any CPU
		{B20D1759-6C16-4300-92CF-9DCBE5F31710}.Release|Any CPU.ActiveCfg = Release|Any CPU
		{B20D1759-6C16-4300-92CF-9DCBE5F31710}.Release|Any CPU.Build.0 = Release|Any CPU
		{7A909765-C509-420B-B58D-40FB6BCB4461}.Debug|Any CPU.ActiveCfg = Debug|Any CPU
		{7A909765-C509-420B-B58D-40FB6BCB4461}.Debug|Any CPU.Build.0 = Debug|Any CPU
		{7A909765-C509-420B-B58D-40FB6BCB4461}.Release|Any CPU.ActiveCfg = Release|Any CPU
		{7A909765-C509-420B-B58D-40FB6BCB4461}.Release|Any CPU.Build.0 = Release|Any CPU
		{DDDF740E-CC78-4504-8284-F3B99A5260C3}.Debug|Any CPU.ActiveCfg = Debug|Any CPU
		{DDDF740E-CC78-4504-8284-F3B99A5260C3}.Debug|Any CPU.Build.0 = Debug|Any CPU
		{DDDF740E-CC78-4504-8284-F3B99A5260C3}.Release|Any CPU.ActiveCfg = Release|Any CPU
		{DDDF740E-CC78-4504-8284-F3B99A5260C3}.Release|Any CPU.Build.0 = Release|Any CPU
		{741843F4-B6C1-451C-8960-859AAC95AA9A}.Debug|Any CPU.ActiveCfg = Debug|Any CPU
		{741843F4-B6C1-451C-8960-859AAC95AA9A}.Debug|Any CPU.Build.0 = Debug|Any CPU
		{741843F4-B6C1-451C-8960-859AAC95AA9A}.Release|Any CPU.ActiveCfg = Release|Any CPU
		{741843F4-B6C1-451C-8960-859AAC95AA9A}.Release|Any CPU.Build.0 = Release|Any CPU
		{D42F09A0-C55F-45BD-90ED-7F1BED1FF71E}.Debug|Any CPU.ActiveCfg = Debug|Any CPU
		{D42F09A0-C55F-45BD-90ED-7F1BED1FF71E}.Debug|Any CPU.Build.0 = Debug|Any CPU
		{D42F09A0-C55F-45BD-90ED-7F1BED1FF71E}.Release|Any CPU.ActiveCfg = Release|Any CPU
		{D42F09A0-C55F-45BD-90ED-7F1BED1FF71E}.Release|Any CPU.Build.0 = Release|Any CPU
		{587CB08C-364F-41A5-A353-F82B7EB7F051}.Debug|Any CPU.ActiveCfg = Debug|Any CPU
		{587CB08C-364F-41A5-A353-F82B7EB7F051}.Debug|Any CPU.Build.0 = Debug|Any CPU
		{587CB08C-364F-41A5-A353-F82B7EB7F051}.Release|Any CPU.ActiveCfg = Release|Any CPU
		{587CB08C-364F-41A5-A353-F82B7EB7F051}.Release|Any CPU.Build.0 = Release|Any CPU
		{21ED494E-CF46-4587-9BB5-D73E207AFD06}.Debug|Any CPU.ActiveCfg = Debug|Any CPU
		{21ED494E-CF46-4587-9BB5-D73E207AFD06}.Debug|Any CPU.Build.0 = Debug|Any CPU
		{21ED494E-CF46-4587-9BB5-D73E207AFD06}.Release|Any CPU.ActiveCfg = Release|Any CPU
		{21ED494E-CF46-4587-9BB5-D73E207AFD06}.Release|Any CPU.Build.0 = Release|Any CPU
		{6B6707D8-15FD-42AE-AAEF-68F879B651D9}.Debug|Any CPU.ActiveCfg = Debug|Any CPU
		{6B6707D8-15FD-42AE-AAEF-68F879B651D9}.Debug|Any CPU.Build.0 = Debug|Any CPU
		{6B6707D8-15FD-42AE-AAEF-68F879B651D9}.Release|Any CPU.ActiveCfg = Release|Any CPU
		{6B6707D8-15FD-42AE-AAEF-68F879B651D9}.Release|Any CPU.Build.0 = Release|Any CPU
		{CE2059F6-BD0A-4509-AD4F-0BD486800E23}.Debug|Any CPU.ActiveCfg = Debug|Any CPU
		{CE2059F6-BD0A-4509-AD4F-0BD486800E23}.Debug|Any CPU.Build.0 = Debug|Any CPU
		{CE2059F6-BD0A-4509-AD4F-0BD486800E23}.Release|Any CPU.ActiveCfg = Release|Any CPU
		{CE2059F6-BD0A-4509-AD4F-0BD486800E23}.Release|Any CPU.Build.0 = Release|Any CPU
		{FA7D402E-5F75-4CCE-8E84-CC259DB6D5B7}.Debug|Any CPU.ActiveCfg = Debug|Any CPU
		{FA7D402E-5F75-4CCE-8E84-CC259DB6D5B7}.Debug|Any CPU.Build.0 = Debug|Any CPU
		{FA7D402E-5F75-4CCE-8E84-CC259DB6D5B7}.Release|Any CPU.ActiveCfg = Release|Any CPU
		{FA7D402E-5F75-4CCE-8E84-CC259DB6D5B7}.Release|Any CPU.Build.0 = Release|Any CPU
		{EEE028BB-CCE7-4AB9-B89B-AF9F95E0709C}.Debug|Any CPU.ActiveCfg = Debug|Any CPU
		{EEE028BB-CCE7-4AB9-B89B-AF9F95E0709C}.Debug|Any CPU.Build.0 = Debug|Any CPU
		{EEE028BB-CCE7-4AB9-B89B-AF9F95E0709C}.Release|Any CPU.ActiveCfg = Release|Any CPU
		{EEE028BB-CCE7-4AB9-B89B-AF9F95E0709C}.Release|Any CPU.Build.0 = Release|Any CPU
		{3BD7B326-5B73-4452-953A-214F9C8AE91E}.Debug|Any CPU.ActiveCfg = Debug|Any CPU
		{3BD7B326-5B73-4452-953A-214F9C8AE91E}.Debug|Any CPU.Build.0 = Debug|Any CPU
		{3BD7B326-5B73-4452-953A-214F9C8AE91E}.Release|Any CPU.ActiveCfg = Release|Any CPU
		{3BD7B326-5B73-4452-953A-214F9C8AE91E}.Release|Any CPU.Build.0 = Release|Any CPU
		{3EE8A45B-3381-44B2-A569-5E9C89D3E0ED}.Debug|Any CPU.ActiveCfg = Debug|Any CPU
		{3EE8A45B-3381-44B2-A569-5E9C89D3E0ED}.Debug|Any CPU.Build.0 = Debug|Any CPU
		{3EE8A45B-3381-44B2-A569-5E9C89D3E0ED}.Release|Any CPU.ActiveCfg = Release|Any CPU
		{3EE8A45B-3381-44B2-A569-5E9C89D3E0ED}.Release|Any CPU.Build.0 = Release|Any CPU
		{D11A3B47-000D-4E47-B935-AAEEFB3717FE}.Debug|Any CPU.ActiveCfg = Debug|Any CPU
		{D11A3B47-000D-4E47-B935-AAEEFB3717FE}.Debug|Any CPU.Build.0 = Debug|Any CPU
		{D11A3B47-000D-4E47-B935-AAEEFB3717FE}.Release|Any CPU.ActiveCfg = Release|Any CPU
		{D11A3B47-000D-4E47-B935-AAEEFB3717FE}.Release|Any CPU.Build.0 = Release|Any CPU
		{587616AB-634D-4047-84A3-4A821BA9C37B}.Debug|Any CPU.ActiveCfg = Debug|Any CPU
		{587616AB-634D-4047-84A3-4A821BA9C37B}.Debug|Any CPU.Build.0 = Debug|Any CPU
		{587616AB-634D-4047-84A3-4A821BA9C37B}.Release|Any CPU.ActiveCfg = Release|Any CPU
		{587616AB-634D-4047-84A3-4A821BA9C37B}.Release|Any CPU.Build.0 = Release|Any CPU
		{19E4C465-A62F-4DD5-B6D5-FE8561C969CE}.Debug|Any CPU.ActiveCfg = Debug|Any CPU
		{19E4C465-A62F-4DD5-B6D5-FE8561C969CE}.Debug|Any CPU.Build.0 = Debug|Any CPU
		{19E4C465-A62F-4DD5-B6D5-FE8561C969CE}.Release|Any CPU.ActiveCfg = Release|Any CPU
		{19E4C465-A62F-4DD5-B6D5-FE8561C969CE}.Release|Any CPU.Build.0 = Release|Any CPU
		{4AEFC0BE-B3FC-40DC-91B2-8FCFA71EBE86}.Debug|Any CPU.ActiveCfg = Debug|Any CPU
		{4AEFC0BE-B3FC-40DC-91B2-8FCFA71EBE86}.Debug|Any CPU.Build.0 = Debug|Any CPU
		{4AEFC0BE-B3FC-40DC-91B2-8FCFA71EBE86}.Release|Any CPU.ActiveCfg = Release|Any CPU
		{4AEFC0BE-B3FC-40DC-91B2-8FCFA71EBE86}.Release|Any CPU.Build.0 = Release|Any CPU
		{6A885414-1357-4D3A-89EA-3667655A80DD}.Debug|Any CPU.ActiveCfg = Debug|Any CPU
		{6A885414-1357-4D3A-89EA-3667655A80DD}.Debug|Any CPU.Build.0 = Debug|Any CPU
		{6A885414-1357-4D3A-89EA-3667655A80DD}.Release|Any CPU.ActiveCfg = Release|Any CPU
		{6A885414-1357-4D3A-89EA-3667655A80DD}.Release|Any CPU.Build.0 = Release|Any CPU
		{7225E5E1-6436-4A2D-BFB8-27D7173365D9}.Debug|Any CPU.ActiveCfg = Debug|Any CPU
		{7225E5E1-6436-4A2D-BFB8-27D7173365D9}.Debug|Any CPU.Build.0 = Debug|Any CPU
		{7225E5E1-6436-4A2D-BFB8-27D7173365D9}.Release|Any CPU.ActiveCfg = Release|Any CPU
		{7225E5E1-6436-4A2D-BFB8-27D7173365D9}.Release|Any CPU.Build.0 = Release|Any CPU
		{21663205-05E9-482E-9D84-463C470D2B97}.Debug|Any CPU.ActiveCfg = Debug|Any CPU
		{21663205-05E9-482E-9D84-463C470D2B97}.Debug|Any CPU.Build.0 = Debug|Any CPU
		{21663205-05E9-482E-9D84-463C470D2B97}.Release|Any CPU.ActiveCfg = Release|Any CPU
		{21663205-05E9-482E-9D84-463C470D2B97}.Release|Any CPU.Build.0 = Release|Any CPU
		{0F95B3DB-C245-48F9-BD27-32D30C565007}.Debug|Any CPU.ActiveCfg = Debug|Any CPU
		{0F95B3DB-C245-48F9-BD27-32D30C565007}.Debug|Any CPU.Build.0 = Debug|Any CPU
		{0F95B3DB-C245-48F9-BD27-32D30C565007}.Release|Any CPU.ActiveCfg = Release|Any CPU
		{0F95B3DB-C245-48F9-BD27-32D30C565007}.Release|Any CPU.Build.0 = Release|Any CPU
		{7CF37A64-EFCD-4A80-909E-0A9FC11D803C}.Debug|Any CPU.ActiveCfg = Debug|Any CPU
		{7CF37A64-EFCD-4A80-909E-0A9FC11D803C}.Debug|Any CPU.Build.0 = Debug|Any CPU
		{7CF37A64-EFCD-4A80-909E-0A9FC11D803C}.Release|Any CPU.ActiveCfg = Release|Any CPU
		{7CF37A64-EFCD-4A80-909E-0A9FC11D803C}.Release|Any CPU.Build.0 = Release|Any CPU
		{84C4FB58-AE93-405D-A3A9-CC6ECF39E1D3}.Debug|Any CPU.ActiveCfg = Debug|Any CPU
		{84C4FB58-AE93-405D-A3A9-CC6ECF39E1D3}.Debug|Any CPU.Build.0 = Debug|Any CPU
		{84C4FB58-AE93-405D-A3A9-CC6ECF39E1D3}.Release|Any CPU.ActiveCfg = Release|Any CPU
		{84C4FB58-AE93-405D-A3A9-CC6ECF39E1D3}.Release|Any CPU.Build.0 = Release|Any CPU
		{61D0CA5E-7770-4C89-A797-BBF300DD0880}.Debug|Any CPU.ActiveCfg = Debug|Any CPU
		{61D0CA5E-7770-4C89-A797-BBF300DD0880}.Debug|Any CPU.Build.0 = Debug|Any CPU
		{61D0CA5E-7770-4C89-A797-BBF300DD0880}.Release|Any CPU.ActiveCfg = Release|Any CPU
		{61D0CA5E-7770-4C89-A797-BBF300DD0880}.Release|Any CPU.Build.0 = Release|Any CPU
		{23BE337C-108F-4FA2-AFCE-CC93EF72D557}.Debug|Any CPU.ActiveCfg = Debug|Any CPU
		{23BE337C-108F-4FA2-AFCE-CC93EF72D557}.Debug|Any CPU.Build.0 = Debug|Any CPU
		{23BE337C-108F-4FA2-AFCE-CC93EF72D557}.Release|Any CPU.ActiveCfg = Release|Any CPU
		{23BE337C-108F-4FA2-AFCE-CC93EF72D557}.Release|Any CPU.Build.0 = Release|Any CPU
		{879D2276-AB53-42A9-8FA7-0B1D22701152}.Debug|Any CPU.ActiveCfg = Debug|Any CPU
		{879D2276-AB53-42A9-8FA7-0B1D22701152}.Debug|Any CPU.Build.0 = Debug|Any CPU
		{879D2276-AB53-42A9-8FA7-0B1D22701152}.Release|Any CPU.ActiveCfg = Release|Any CPU
		{879D2276-AB53-42A9-8FA7-0B1D22701152}.Release|Any CPU.Build.0 = Release|Any CPU
		{19AA465E-C9CE-4D66-B304-243416FAC56C}.Debug|Any CPU.ActiveCfg = Debug|Any CPU
		{19AA465E-C9CE-4D66-B304-243416FAC56C}.Debug|Any CPU.Build.0 = Debug|Any CPU
		{19AA465E-C9CE-4D66-B304-243416FAC56C}.Release|Any CPU.ActiveCfg = Release|Any CPU
		{19AA465E-C9CE-4D66-B304-243416FAC56C}.Release|Any CPU.Build.0 = Release|Any CPU
	EndGlobalSection
	GlobalSection(SolutionProperties) = preSolution
		HideSolutionNode = FALSE
	EndGlobalSection
	GlobalSection(NestedProjects) = preSolution
		{E79CF9EF-D4C1-47A1-8788-7962D7119CE7} = {BDF96AA7-5751-4E64-9AD5-BF696A31ECD4}
		{B20D1759-6C16-4300-92CF-9DCBE5F31710} = {BDF96AA7-5751-4E64-9AD5-BF696A31ECD4}
		{741843F4-B6C1-451C-8960-859AAC95AA9A} = {BC13542A-B1DE-4A4A-9CEA-8FCEAE88D5DE}
		{D42F09A0-C55F-45BD-90ED-7F1BED1FF71E} = {BC13542A-B1DE-4A4A-9CEA-8FCEAE88D5DE}
		{EEE028BB-CCE7-4AB9-B89B-AF9F95E0709C} = {E97FEB89-5D88-45B9-9B3D-3098BBFB707C}
		{879D2276-AB53-42A9-8FA7-0B1D22701152} = {4D46F594-1608-4CD3-A72C-98FBC715ADC2}
		{19AA465E-C9CE-4D66-B304-243416FAC56C} = {4D46F594-1608-4CD3-A72C-98FBC715ADC2}
	EndGlobalSection
	GlobalSection(ExtensibilityGlobals) = postSolution
		SolutionGuid = {1C7B3380-37CF-44A9-9559-360EA963281F}
	EndGlobalSection
EndGlobal
