
Microsoft Visual Studio Solution File, Format Version 12.00
# Visual Studio 15
VisualStudioVersion = 15.0.26730.12
MinimumVisualStudioVersion = 10.0.40219.1
Project("{FAE04EC0-301F-11D3-BF4B-00C04F79EFBC}") = "Training.Codility", "Training.Codility\Training.Codility.csproj", "{E79CF9EF-D4C1-47A1-8788-7962D7119CE7}"
EndProject
Project("{FAE04EC0-301F-11D3-BF4B-00C04F79EFBC}") = "Training.Codility.Tests", "Training.Codility.Tests\Training.Codility.Tests.csproj", "{B20D1759-6C16-4300-92CF-9DCBE5F31710}"
EndProject
Project("{2150E333-8FDC-42A3-9474-1A3956D46DE8}") = "Codility", "Codility", "{BDF96AA7-5751-4E64-9AD5-BF696A31ECD4}"
EndProject
Project("{FAE04EC0-301F-11D3-BF4B-00C04F79EFBC}") = "Training.DataStructures", "Training.DataStructures\Training.DataStructures.csproj", "{7A909765-C509-420B-B58D-40FB6BCB4461}"
EndProject
Project("{FAE04EC0-301F-11D3-BF4B-00C04F79EFBC}") = "Training.DataStructures.Tests", "Training.DataStructures.Tests\Training.DataStructures.Tests.csproj", "{DDDF740E-CC78-4504-8284-F3B99A5260C3}"
EndProject
Project("{2150E333-8FDC-42A3-9474-1A3956D46DE8}") = "HackerRank", "HackerRank", "{BC13542A-B1DE-4A4A-9CEA-8FCEAE88D5DE}"
EndProject
Project("{FAE04EC0-301F-11D3-BF4B-00C04F79EFBC}") = "Training.HackerRank", "Training.HackerRank\Training.HackerRank.csproj", "{741843F4-B6C1-451C-8960-859AAC95AA9A}"
EndProject
Project("{FAE04EC0-301F-11D3-BF4B-00C04F79EFBC}") = "Training.HackerRank.Tests", "Training.HackerRank.Tests\Training.HackerRank.Tests.csproj", "{D42F09A0-C55F-45BD-90ED-7F1BED1FF71E}"
EndProject
Project("{FAE04EC0-301F-11D3-BF4B-00C04F79EFBC}") = "Training.Tests.Common", "Training.Tests.Common\Training.Tests.Common.csproj", "{587CB08C-364F-41A5-A353-F82B7EB7F051}"
EndProject
Project("{FAE04EC0-301F-11D3-BF4B-00C04F79EFBC}") = "Training.Common", "Training.Common\Training.Common.csproj", "{21ED494E-CF46-4587-9BB5-D73E207AFD06}"
EndProject
Project("{FAE04EC0-301F-11D3-BF4B-00C04F79EFBC}") = "Training.Common.Algorithms", "Training.Common.Algorithms\Training.Common.Algorithms.csproj", "{6B6707D8-15FD-42AE-AAEF-68F879B651D9}"
EndProject
Project("{FAE04EC0-301F-11D3-BF4B-00C04F79EFBC}") = "Training.Common.Algorithms.Tests", "Training.Common.Algorithms.Tests\Training.Common.Algorithms.Tests.csproj", "{CE2059F6-BD0A-4509-AD4F-0BD486800E23}"
EndProject
Project("{FAE04EC0-301F-11D3-BF4B-00C04F79EFBC}") = "Training.Common.Tests", "Training.Common.Tests\Training.Common.Tests.csproj", "{FA7D402E-5F75-4CCE-8E84-CC259DB6D5B7}"
EndProject
Project("{2150E333-8FDC-42A3-9474-1A3956D46DE8}") = "DomainModelingMadeFuncional", "DomainModelingMadeFuncional", "{E97FEB89-5D88-45B9-9B3D-3098BBFB707C}"
EndProject
Project("{F2A71F9B-5D33-465A-A702-920D77279786}") = "OrderTaking", "OrderTaking\OrderTaking.fsproj", "{EEE028BB-CCE7-4AB9-B89B-AF9F95E0709C}"
EndProject
Project("{F2A71F9B-5D33-465A-A702-920D77279786}") = "Training.ParserCombinator", "Training.ParserCombinator\Training.ParserCombinator.fsproj", "{C9BFC7FD-1EE5-4334-83C6-1A0BC37D4B39}"
EndProject
Project("{FAE04EC0-301F-11D3-BF4B-00C04F79EFBC}") = "PredictiveKeyboardT9", "PredictiveKeyboardT9\PredictiveKeyboardT9.csproj", "{3BD7B326-5B73-4452-953A-214F9C8AE91E}"
EndProject
Project("{FAE04EC0-301F-11D3-BF4B-00C04F79EFBC}") = "PredictiveKeyboardT9Tests", "PredictiveKeyboardT9Tests\PredictiveKeyboardT9Tests.csproj", "{3EE8A45B-3381-44B2-A569-5E9C89D3E0ED}"
EndProject
Global
	GlobalSection(SolutionConfigurationPlatforms) = preSolution
		Debug|Any CPU = Debug|Any CPU
		Release|Any CPU = Release|Any CPU
	EndGlobalSection
	GlobalSection(ProjectConfigurationPlatforms) = postSolution
		{E79CF9EF-D4C1-47A1-8788-7962D7119CE7}.Debug|Any CPU.ActiveCfg = Debug|Any CPU
		{E79CF9EF-D4C1-47A1-8788-7962D7119CE7}.Debug|Any CPU.Build.0 = Debug|Any CPU
		{E79CF9EF-D4C1-47A1-8788-7962D7119CE7}.Release|Any CPU.ActiveCfg = Release|Any CPU
		{E79CF9EF-D4C1-47A1-8788-7962D7119CE7}.Release|Any CPU.Build.0 = Release|Any CPU
		{B20D1759-6C16-4300-92CF-9DCBE5F31710}.Debug|Any CPU.ActiveCfg = Debug|Any CPU
		{B20D1759-6C16-4300-92CF-9DCBE5F31710}.Debug|Any CPU.Build.0 = Debug|Any CPU
		{B20D1759-6C16-4300-92CF-9DCBE5F31710}.Release|Any CPU.ActiveCfg = Release|Any CPU
		{B20D1759-6C16-4300-92CF-9DCBE5F31710}.Release|Any CPU.Build.0 = Release|Any CPU
		{7A909765-C509-420B-B58D-40FB6BCB4461}.Debug|Any CPU.ActiveCfg = Debug|Any CPU
		{7A909765-C509-420B-B58D-40FB6BCB4461}.Debug|Any CPU.Build.0 = Debug|Any CPU
		{7A909765-C509-420B-B58D-40FB6BCB4461}.Release|Any CPU.ActiveCfg = Release|Any CPU
		{7A909765-C509-420B-B58D-40FB6BCB4461}.Release|Any CPU.Build.0 = Release|Any CPU
		{DDDF740E-CC78-4504-8284-F3B99A5260C3}.Debug|Any CPU.ActiveCfg = Debug|Any CPU
		{DDDF740E-CC78-4504-8284-F3B99A5260C3}.Debug|Any CPU.Build.0 = Debug|Any CPU
		{DDDF740E-CC78-4504-8284-F3B99A5260C3}.Release|Any CPU.ActiveCfg = Release|Any CPU
		{DDDF740E-CC78-4504-8284-F3B99A5260C3}.Release|Any CPU.Build.0 = Release|Any CPU
		{741843F4-B6C1-451C-8960-859AAC95AA9A}.Debug|Any CPU.ActiveCfg = Debug|Any CPU
		{741843F4-B6C1-451C-8960-859AAC95AA9A}.Debug|Any CPU.Build.0 = Debug|Any CPU
		{741843F4-B6C1-451C-8960-859AAC95AA9A}.Release|Any CPU.ActiveCfg = Release|Any CPU
		{741843F4-B6C1-451C-8960-859AAC95AA9A}.Release|Any CPU.Build.0 = Release|Any CPU
		{D42F09A0-C55F-45BD-90ED-7F1BED1FF71E}.Debug|Any CPU.ActiveCfg = Debug|Any CPU
		{D42F09A0-C55F-45BD-90ED-7F1BED1FF71E}.Debug|Any CPU.Build.0 = Debug|Any CPU
		{D42F09A0-C55F-45BD-90ED-7F1BED1FF71E}.Release|Any CPU.ActiveCfg = Release|Any CPU
		{D42F09A0-C55F-45BD-90ED-7F1BED1FF71E}.Release|Any CPU.Build.0 = Release|Any CPU
		{587CB08C-364F-41A5-A353-F82B7EB7F051}.Debug|Any CPU.ActiveCfg = Debug|Any CPU
		{587CB08C-364F-41A5-A353-F82B7EB7F051}.Debug|Any CPU.Build.0 = Debug|Any CPU
		{587CB08C-364F-41A5-A353-F82B7EB7F051}.Release|Any CPU.ActiveCfg = Release|Any CPU
		{587CB08C-364F-41A5-A353-F82B7EB7F051}.Release|Any CPU.Build.0 = Release|Any CPU
		{21ED494E-CF46-4587-9BB5-D73E207AFD06}.Debug|Any CPU.ActiveCfg = Debug|Any CPU
		{21ED494E-CF46-4587-9BB5-D73E207AFD06}.Debug|Any CPU.Build.0 = Debug|Any CPU
		{21ED494E-CF46-4587-9BB5-D73E207AFD06}.Release|Any CPU.ActiveCfg = Release|Any CPU
		{21ED494E-CF46-4587-9BB5-D73E207AFD06}.Release|Any CPU.Build.0 = Release|Any CPU
		{6B6707D8-15FD-42AE-AAEF-68F879B651D9}.Debug|Any CPU.ActiveCfg = Debug|Any CPU
		{6B6707D8-15FD-42AE-AAEF-68F879B651D9}.Debug|Any CPU.Build.0 = Debug|Any CPU
		{6B6707D8-15FD-42AE-AAEF-68F879B651D9}.Release|Any CPU.ActiveCfg = Release|Any CPU
		{6B6707D8-15FD-42AE-AAEF-68F879B651D9}.Release|Any CPU.Build.0 = Release|Any CPU
		{CE2059F6-BD0A-4509-AD4F-0BD486800E23}.Debug|Any CPU.ActiveCfg = Debug|Any CPU
		{CE2059F6-BD0A-4509-AD4F-0BD486800E23}.Debug|Any CPU.Build.0 = Debug|Any CPU
		{CE2059F6-BD0A-4509-AD4F-0BD486800E23}.Release|Any CPU.ActiveCfg = Release|Any CPU
		{CE2059F6-BD0A-4509-AD4F-0BD486800E23}.Release|Any CPU.Build.0 = Release|Any CPU
		{FA7D402E-5F75-4CCE-8E84-CC259DB6D5B7}.Debug|Any CPU.ActiveCfg = Debug|Any CPU
		{FA7D402E-5F75-4CCE-8E84-CC259DB6D5B7}.Debug|Any CPU.Build.0 = Debug|Any CPU
		{FA7D402E-5F75-4CCE-8E84-CC259DB6D5B7}.Release|Any CPU.ActiveCfg = Release|Any CPU
		{FA7D402E-5F75-4CCE-8E84-CC259DB6D5B7}.Release|Any CPU.Build.0 = Release|Any CPU
		{EEE028BB-CCE7-4AB9-B89B-AF9F95E0709C}.Debug|Any CPU.ActiveCfg = Debug|Any CPU
		{EEE028BB-CCE7-4AB9-B89B-AF9F95E0709C}.Debug|Any CPU.Build.0 = Debug|Any CPU
		{EEE028BB-CCE7-4AB9-B89B-AF9F95E0709C}.Release|Any CPU.ActiveCfg = Release|Any CPU
		{EEE028BB-CCE7-4AB9-B89B-AF9F95E0709C}.Release|Any CPU.Build.0 = Release|Any CPU
		{C9BFC7FD-1EE5-4334-83C6-1A0BC37D4B39}.Debug|Any CPU.ActiveCfg = Debug|Any CPU
		{C9BFC7FD-1EE5-4334-83C6-1A0BC37D4B39}.Debug|Any CPU.Build.0 = Debug|Any CPU
		{C9BFC7FD-1EE5-4334-83C6-1A0BC37D4B39}.Release|Any CPU.ActiveCfg = Release|Any CPU
		{C9BFC7FD-1EE5-4334-83C6-1A0BC37D4B39}.Release|Any CPU.Build.0 = Release|Any CPU
		{3BD7B326-5B73-4452-953A-214F9C8AE91E}.Debug|Any CPU.ActiveCfg = Debug|Any CPU
		{3BD7B326-5B73-4452-953A-214F9C8AE91E}.Debug|Any CPU.Build.0 = Debug|Any CPU
		{3BD7B326-5B73-4452-953A-214F9C8AE91E}.Release|Any CPU.ActiveCfg = Release|Any CPU
		{3BD7B326-5B73-4452-953A-214F9C8AE91E}.Release|Any CPU.Build.0 = Release|Any CPU
		{3EE8A45B-3381-44B2-A569-5E9C89D3E0ED}.Debug|Any CPU.ActiveCfg = Debug|Any CPU
		{3EE8A45B-3381-44B2-A569-5E9C89D3E0ED}.Debug|Any CPU.Build.0 = Debug|Any CPU
		{3EE8A45B-3381-44B2-A569-5E9C89D3E0ED}.Release|Any CPU.ActiveCfg = Release|Any CPU
		{3EE8A45B-3381-44B2-A569-5E9C89D3E0ED}.Release|Any CPU.Build.0 = Release|Any CPU
	EndGlobalSection
	GlobalSection(SolutionProperties) = preSolution
		HideSolutionNode = FALSE
	EndGlobalSection
	GlobalSection(ExtensibilityGlobals) = postSolution
		SolutionGuid = {1C7B3380-37CF-44A9-9559-360EA963281F}
	EndGlobalSection
	GlobalSection(NestedProjects) = preSolution
		{E79CF9EF-D4C1-47A1-8788-7962D7119CE7} = {BDF96AA7-5751-4E64-9AD5-BF696A31ECD4}
		{B20D1759-6C16-4300-92CF-9DCBE5F31710} = {BDF96AA7-5751-4E64-9AD5-BF696A31ECD4}
		{741843F4-B6C1-451C-8960-859AAC95AA9A} = {BC13542A-B1DE-4A4A-9CEA-8FCEAE88D5DE}
		{D42F09A0-C55F-45BD-90ED-7F1BED1FF71E} = {BC13542A-B1DE-4A4A-9CEA-8FCEAE88D5DE}
		{EEE028BB-CCE7-4AB9-B89B-AF9F95E0709C} = {E97FEB89-5D88-45B9-9B3D-3098BBFB707C}
	EndGlobalSection
EndGlobal
